
Microsoft Visual Studio Solution File, Format Version 12.00
# Visual Studio 15
VisualStudioVersion = 15.0.27004.2010
MinimumVisualStudioVersion = 10.0.40219.1
Project("{FAE04EC0-301F-11D3-BF4B-00C04F79EFBC}") = "cs2000", "cs2000\cs2000.csproj", "{31CE75C4-A804-4836-9CBA-658EFFAF4E67}"
EndProject
Global
	GlobalSection(SolutionConfigurationPlatforms) = preSolution
		Debug|Any CPU = Debug|Any CPU
		Release|Any CPU = Release|Any CPU
	EndGlobalSection
	GlobalSection(ProjectConfigurationPlatforms) = postSolution
		{31CE75C4-A804-4836-9CBA-658EFFAF4E67}.Debug|Any CPU.ActiveCfg = Debug|Any CPU
		{31CE75C4-A804-4836-9CBA-658EFFAF4E67}.Debug|Any CPU.Build.0 = Debug|Any CPU
		{31CE75C4-A804-4836-9CBA-658EFFAF4E67}.Release|Any CPU.ActiveCfg = Release|Any CPU
		{31CE75C4-A804-4836-9CBA-658EFFAF4E67}.Release|Any CPU.Build.0 = Release|Any CPU
	EndGlobalSection
	GlobalSection(SolutionProperties) = preSolution
		HideSolutionNode = FALSE
	EndGlobalSection
	GlobalSection(ExtensibilityGlobals) = postSolution
		SolutionGuid = {6A602930-6F3F-4DDC-AA94-C406CFE90C85}
	EndGlobalSection
EndGlobal
